
Microsoft Visual Studio Solution File, Format Version 12.00
# Visual Studio Version 17
VisualStudioVersion = 17.10.35122.118
MinimumVisualStudioVersion = 10.0.40219.1
Project("{FAE04EC0-301F-11D3-BF4B-00C04F79EFBC}") = "DSA Programs in c#", "DSA Programs in c#.csproj", "{EF9D37DE-120F-4E0A-B3D7-F72ABC2BE4E4}"
EndProject
Global
	GlobalSection(SolutionConfigurationPlatforms) = preSolution
		Debug|Any CPU = Debug|Any CPU
		Release|Any CPU = Release|Any CPU
	EndGlobalSection
	GlobalSection(ProjectConfigurationPlatforms) = postSolution
		{EF9D37DE-120F-4E0A-B3D7-F72ABC2BE4E4}.Debug|Any CPU.ActiveCfg = Debug|Any CPU
		{EF9D37DE-120F-4E0A-B3D7-F72ABC2BE4E4}.Debug|Any CPU.Build.0 = Debug|Any CPU
		{EF9D37DE-120F-4E0A-B3D7-F72ABC2BE4E4}.Release|Any CPU.ActiveCfg = Release|Any CPU
		{EF9D37DE-120F-4E0A-B3D7-F72ABC2BE4E4}.Release|Any CPU.Build.0 = Release|Any CPU
	EndGlobalSection
	GlobalSection(SolutionProperties) = preSolution
		HideSolutionNode = FALSE
	EndGlobalSection
	GlobalSection(ExtensibilityGlobals) = postSolution
		SolutionGuid = {41808A5B-225A-4228-A87E-4CE4CB91B7B7}
	EndGlobalSection
EndGlobal
